
Microsoft Visual Studio Solution File, Format Version 12.00
# Visual Studio Version 17
VisualStudioVersion = 17.3.32901.215
MinimumVisualStudioVersion = 10.0.40219.1
Project("{FAE04EC0-301F-11D3-BF4B-00C04F79EFBC}") = "LeetCodeProblems", "LeetCodeProblems.csproj", "{B6ED053D-A613-4D52-B7C7-02DAF944C630}"
EndProject
Global
	GlobalSection(SolutionConfigurationPlatforms) = preSolution
		Debug|Any CPU = Debug|Any CPU
		Release|Any CPU = Release|Any CPU
	EndGlobalSection
	GlobalSection(ProjectConfigurationPlatforms) = postSolution
		{B6ED053D-A613-4D52-B7C7-02DAF944C630}.Debug|Any CPU.ActiveCfg = Debug|Any CPU
		{B6ED053D-A613-4D52-B7C7-02DAF944C630}.Debug|Any CPU.Build.0 = Debug|Any CPU
		{B6ED053D-A613-4D52-B7C7-02DAF944C630}.Release|Any CPU.ActiveCfg = Release|Any CPU
		{B6ED053D-A613-4D52-B7C7-02DAF944C630}.Release|Any CPU.Build.0 = Release|Any CPU
	EndGlobalSection
	GlobalSection(SolutionProperties) = preSolution
		HideSolutionNode = FALSE
	EndGlobalSection
	GlobalSection(ExtensibilityGlobals) = postSolution
		SolutionGuid = {B5A4F000-F838-4412-A649-B7D45FE3DE9C}
	EndGlobalSection
EndGlobal
